
Microsoft Visual Studio Solution File, Format Version 12.00
Project("{FAE04EC0-301F-11D3-BF4B-00C04F79EFBC}") = "Budget4Home.Api", "Budget4Home.Api\Budget4Home.Api.csproj", "{90411837-7DEC-4F46-85A4-FCFDFA15C043}"
EndProject
Project("{FAE04EC0-301F-11D3-BF4B-00C04F79EFBC}") = "Budget4Home.Mongo", "Budget4Home.Mongo\Budget4Home.Mongo.csproj", "{0E721174-0AE6-460E-812F-1F9FFBE8D5B1}"
EndProject
Global
	GlobalSection(SolutionConfigurationPlatforms) = preSolution
		Debug|Any CPU = Debug|Any CPU
		Release|Any CPU = Release|Any CPU
	EndGlobalSection
	GlobalSection(ProjectConfigurationPlatforms) = postSolution
		{90411837-7DEC-4F46-85A4-FCFDFA15C043}.Debug|Any CPU.ActiveCfg = Debug|Any CPU
		{90411837-7DEC-4F46-85A4-FCFDFA15C043}.Debug|Any CPU.Build.0 = Debug|Any CPU
		{90411837-7DEC-4F46-85A4-FCFDFA15C043}.Release|Any CPU.ActiveCfg = Release|Any CPU
		{90411837-7DEC-4F46-85A4-FCFDFA15C043}.Release|Any CPU.Build.0 = Release|Any CPU
		{0E721174-0AE6-460E-812F-1F9FFBE8D5B1}.Debug|Any CPU.ActiveCfg = Debug|Any CPU
		{0E721174-0AE6-460E-812F-1F9FFBE8D5B1}.Debug|Any CPU.Build.0 = Debug|Any CPU
		{0E721174-0AE6-460E-812F-1F9FFBE8D5B1}.Release|Any CPU.ActiveCfg = Release|Any CPU
		{0E721174-0AE6-460E-812F-1F9FFBE8D5B1}.Release|Any CPU.Build.0 = Release|Any CPU
	EndGlobalSection
EndGlobal
